{
  "name": "ir-hushyaar-api-panel-user-device",
  "version": "1.0.0",
  "lockfileVersion": 2,
  "requires": true,
  "packages": {
    "": {
      "name": "ir-hushyaar-api-panel-user-device",
      "version": "1.0.0",
      "license": "ISC",
      "dependencies": {
        "cloudflare-router": "^3.0.0-beta8",
        "ir-hushyaar-middleware-panel-auth": "^1.0.8"
      }
    },
    "node_modules/cloudflare-router": {
      "version": "3.0.0-beta8",
      "resolved": "https://registry.npmjs.org/cloudflare-router/-/cloudflare-router-3.0.0-beta8.tgz",
      "integrity": "sha512-oCdiNaQrseWh/PIW3Expe8RvpmIrLSHPq486C/97bmvzicyfdjEuTnDAvVvlBZUN9p3WpxJbhlJktVzLWXinBQ==",
      "dependencies": {
        "debug": "^4.3.4",
        "tslib": "^2.2.0",
        "url-pattern": "^1.0.3"
      }
    },
    "node_modules/cloudflare-router/node_modules/debug": {
      "version": "4.3.4",
      "resolved": "https://registry.npmjs.org/debug/-/debug-4.3.4.tgz",
      "integrity": "sha512-PRWFHuSU3eDtQJPvnNY7Jcket1j0t5OuOsFzPPzsekD52Zl8qUfFIPEiswXqIvHWGVHOgX+7G/vCNNhehwxfkQ==",
      "dependencies": {
        "ms": "2.1.2"
      },
      "engines": {
        "node": ">=6.0"
      },
      "peerDependenciesMeta": {
        "supports-color": {
          "optional": true
        }
      }
    },
    "node_modules/cloudflare-router/node_modules/ms": {
      "version": "2.1.2",
      "resolved": "https://registry.npmjs.org/ms/-/ms-2.1.2.tgz",
      "integrity": "sha512-sGkPx+VjMtmA6MX27oA4FBFELFCZZ4S4XqeGOXCv68tT+jb3vk/RyaKWP0PTKyWtmLSM0b+adUTEvbs1PEaH2w=="
    },
    "node_modules/ir-hushyaar-middleware-panel-auth": {
      "version": "1.0.8",
      "resolved": "https://registry.npmjs.org/ir-hushyaar-middleware-panel-auth/-/ir-hushyaar-middleware-panel-auth-1.0.8.tgz",
      "integrity": "sha512-4cHYdnvssdLeoEV4/cBBNd7E+bRbqTk2PjnObvwjuF8ASNsEEXBsf0F8Yi8LQv2kk5/cL+4OfUVQC/N3QrtEFA=="
    },
    "node_modules/tslib": {
      "version": "2.4.0",
      "resolved": "https://registry.npmjs.org/tslib/-/tslib-2.4.0.tgz",
      "integrity": "sha512-d6xOpEDfsi2CZVlPQzGeux8XMwLT9hssAsaPYExaQMuYskwb+x1x7J371tWlbBdWHroy99KnVB6qIkUbs5X3UQ=="
    },
    "node_modules/url-pattern": {
      "version": "1.0.3",
      "resolved": "https://registry.npmjs.org/url-pattern/-/url-pattern-1.0.3.tgz",
      "integrity": "sha512-uQcEj/2puA4aq1R3A2+VNVBgaWYR24FdWjl7VNW83rnWftlhyzOZ/tBjezRiC2UkIzuxC8Top3IekN3vUf1WxA==",
      "engines": {
        "node": ">=0.12.0"
      }
    }
  },
  "dependencies": {
    "cloudflare-router": {
      "version": "3.0.0-beta8",
      "resolved": "https://registry.npmjs.org/cloudflare-router/-/cloudflare-router-3.0.0-beta8.tgz",
      "integrity": "sha512-oCdiNaQrseWh/PIW3Expe8RvpmIrLSHPq486C/97bmvzicyfdjEuTnDAvVvlBZUN9p3WpxJbhlJktVzLWXinBQ==",
      "requires": {
        "debug": "^4.3.4",
        "tslib": "^2.2.0",
        "url-pattern": "^1.0.3"
      },
      "dependencies": {
        "debug": {
          "version": "4.3.4",
          "resolved": "https://registry.npmjs.org/debug/-/debug-4.3.4.tgz",
          "integrity": "sha512-PRWFHuSU3eDtQJPvnNY7Jcket1j0t5OuOsFzPPzsekD52Zl8qUfFIPEiswXqIvHWGVHOgX+7G/vCNNhehwxfkQ==",
          "requires": {
            "ms": "2.1.2"
          }
        },
        "ms": {
          "version": "2.1.2",
          "resolved": "https://registry.npmjs.org/ms/-/ms-2.1.2.tgz",
          "integrity": "sha512-sGkPx+VjMtmA6MX27oA4FBFELFCZZ4S4XqeGOXCv68tT+jb3vk/RyaKWP0PTKyWtmLSM0b+adUTEvbs1PEaH2w=="
        }
      }
    },
    "ir-hushyaar-middleware-panel-auth": {
      "version": "1.0.8",
      "resolved": "https://registry.npmjs.org/ir-hushyaar-middleware-panel-auth/-/ir-hushyaar-middleware-panel-auth-1.0.8.tgz",
      "integrity": "sha512-4cHYdnvssdLeoEV4/cBBNd7E+bRbqTk2PjnObvwjuF8ASNsEEXBsf0F8Yi8LQv2kk5/cL+4OfUVQC/N3QrtEFA=="
    },
    "tslib": {
      "version": "2.4.0",
      "resolved": "https://registry.npmjs.org/tslib/-/tslib-2.4.0.tgz",
      "integrity": "sha512-d6xOpEDfsi2CZVlPQzGeux8XMwLT9hssAsaPYExaQMuYskwb+x1x7J371tWlbBdWHroy99KnVB6qIkUbs5X3UQ=="
    },
    "url-pattern": {
      "version": "1.0.3",
      "resolved": "https://registry.npmjs.org/url-pattern/-/url-pattern-1.0.3.tgz",
      "integrity": "sha512-uQcEj/2puA4aq1R3A2+VNVBgaWYR24FdWjl7VNW83rnWftlhyzOZ/tBjezRiC2UkIzuxC8Top3IekN3vUf1WxA=="
    }
  }
}
